
Microsoft Visual Studio Solution File, Format Version 12.00
# Visual Studio Version 16
VisualStudioVersion = 16.0.29709.97
MinimumVisualStudioVersion = 10.0.40219.1
Project("{2150E333-8FDC-42A3-9474-1A3956D46DE8}") = "Presentation", "Presentation", "{95650D09-31B0-4EF4-826D-BC5B56EFD41C}"
EndProject
Project("{2150E333-8FDC-42A3-9474-1A3956D46DE8}") = "Business", "Business", "{730AA490-F3C3-4631-A813-CEA977F25746}"
EndProject
Project("{9A19103F-16F7-4668-BE54-9A1E7A4F7556}") = "Core", "Core\Core.csproj", "{9B316674-1F78-4EA5-8BBC-987E9A8B90BF}"
EndProject
Project("{9A19103F-16F7-4668-BE54-9A1E7A4F7556}") = "Web", "Web\Web.csproj", "{E163DB60-38F2-40D5-AFB9-658008811587}"
EndProject
Project("{FAE04EC0-301F-11D3-BF4B-00C04F79EFBC}") = "Abstractions", "Abstractions\Abstractions.csproj", "{2075022F-125B-4AF4-AA2B-FEDB380ED144}"
EndProject
Global
	GlobalSection(SolutionConfigurationPlatforms) = preSolution
		Debug|Any CPU = Debug|Any CPU
		Release|Any CPU = Release|Any CPU
	EndGlobalSection
	GlobalSection(ProjectConfigurationPlatforms) = postSolution
		{9B316674-1F78-4EA5-8BBC-987E9A8B90BF}.Debug|Any CPU.ActiveCfg = Debug|Any CPU
		{9B316674-1F78-4EA5-8BBC-987E9A8B90BF}.Debug|Any CPU.Build.0 = Debug|Any CPU
		{9B316674-1F78-4EA5-8BBC-987E9A8B90BF}.Release|Any CPU.ActiveCfg = Release|Any CPU
		{9B316674-1F78-4EA5-8BBC-987E9A8B90BF}.Release|Any CPU.Build.0 = Release|Any CPU
		{E163DB60-38F2-40D5-AFB9-658008811587}.Debug|Any CPU.ActiveCfg = Debug|Any CPU
		{E163DB60-38F2-40D5-AFB9-658008811587}.Debug|Any CPU.Build.0 = Debug|Any CPU
		{E163DB60-38F2-40D5-AFB9-658008811587}.Release|Any CPU.ActiveCfg = Release|Any CPU
		{E163DB60-38F2-40D5-AFB9-658008811587}.Release|Any CPU.Build.0 = Release|Any CPU
		{2075022F-125B-4AF4-AA2B-FEDB380ED144}.Debug|Any CPU.ActiveCfg = Debug|Any CPU
		{2075022F-125B-4AF4-AA2B-FEDB380ED144}.Debug|Any CPU.Build.0 = Debug|Any CPU
		{2075022F-125B-4AF4-AA2B-FEDB380ED144}.Release|Any CPU.ActiveCfg = Release|Any CPU
		{2075022F-125B-4AF4-AA2B-FEDB380ED144}.Release|Any CPU.Build.0 = Release|Any CPU
	EndGlobalSection
	GlobalSection(SolutionProperties) = preSolution
		HideSolutionNode = FALSE
	EndGlobalSection
	GlobalSection(NestedProjects) = preSolution
		{9B316674-1F78-4EA5-8BBC-987E9A8B90BF} = {730AA490-F3C3-4631-A813-CEA977F25746}
		{E163DB60-38F2-40D5-AFB9-658008811587} = {95650D09-31B0-4EF4-826D-BC5B56EFD41C}
		{2075022F-125B-4AF4-AA2B-FEDB380ED144} = {730AA490-F3C3-4631-A813-CEA977F25746}
	EndGlobalSection
	GlobalSection(ExtensibilityGlobals) = postSolution
		SolutionGuid = {304B68D6-0554-4F28-B18C-E91F94EB5987}
	EndGlobalSection
EndGlobal
